
Microsoft Visual Studio Solution File, Format Version 12.00
# Visual Studio Version 18
VisualStudioVersion = 18.1.11312.151 d18.0
MinimumVisualStudioVersion = 10.0.40219.1
Project("{2150E333-8FDC-42A3-9474-1A3956D46DE8}") = "src", "src", "{827E0CD3-B72D-47B6-A68D-7590B98EB39B}"
EndProject
Project("{2150E333-8FDC-42A3-9474-1A3956D46DE8}") = "services", "services", "{984BB9B3-3FA3-BE33-9484-CAC21695A33C}"
EndProject
Project("{FAE04EC0-301F-11D3-BF4B-00C04F79EFBC}") = "Identity", "src\services\Identity\Identity.csproj", "{AA7BFECB-C9CA-474C-A0F6-C2D3276AB623}"
EndProject
Project("{FAE04EC0-301F-11D3-BF4B-00C04F79EFBC}") = "Bearing", "src\services\Bearing\Bearing.csproj", "{C007DD91-82DB-4E3B-8425-CE08B922DF38}"
EndProject
Project("{FAE04EC0-301F-11D3-BF4B-00C04F79EFBC}") = "Demand", "src\services\Demand\Demand.csproj", "{790E3F61-F43E-48DB-A9C2-F943F580E9BE}"
EndProject
Project("{FAE04EC0-301F-11D3-BF4B-00C04F79EFBC}") = "Inventory", "src\services\Inventory\Inventory.csproj", "{ECF56159-108A-4FB7-B455-706EC6F6AA4A}"
EndProject
Project("{FAE04EC0-301F-11D3-BF4B-00C04F79EFBC}") = "Notification", "src\services\Notification\Notification.csproj", "{7872EA3E-4392-471A-9841-9179DCA7FC2B}"
EndProject
Project("{FAE04EC0-301F-11D3-BF4B-00C04F79EFBC}") = "Order", "src\services\Order\Order.csproj", "{4E44408E-E25B-4D89-AD07-3E0CA93B0F63}"
EndProject
Project("{FAE04EC0-301F-11D3-BF4B-00C04F79EFBC}") = "Quotation", "src\services\Quotation\Quotation.csproj", "{239D5D10-60B3-492C-B88F-BE1675711D87}"
EndProject
Project("{FAE04EC0-301F-11D3-BF4B-00C04F79EFBC}") = "Supplier", "src\services\Supplier\Supplier.csproj", "{BE2AE27F-7DF2-422C-A9B8-F8452D5FF19C}"
EndProject
Project("{2150E333-8FDC-42A3-9474-1A3956D46DE8}") = "mobile", "mobile", "{5F6E8ECF-6C7C-84BC-3852-AC68F2C425F8}"
EndProject
Project("{FAE04EC0-301F-11D3-BF4B-00C04F79EFBC}") = "findbearings", "src\mobile\findbearings\findbearings.csproj", "{0C2903D4-5B21-4130-A5D9-1AB8A80648CB}"
EndProject
Project("{2150E333-8FDC-42A3-9474-1A3956D46DE8}") = "web", "web", "{03997797-E7F5-0643-168D-B8EA7178C2FE}"
EndProject
Project("{FAE04EC0-301F-11D3-BF4B-00C04F79EFBC}") = "blazor", "src\web\blazor\blazor.csproj", "{430C4E60-0E6F-4209-BD88-234C3922A16A}"
EndProject
Project("{2150E333-8FDC-42A3-9474-1A3956D46DE8}") = "解决方案项", "解决方案项", "{871781CB-4A42-44A9-BED4-9F99655ECD4E}"
	ProjectSection(SolutionItems) = preProject
		README.md = README.md
	EndProjectSection
EndProject
Global
	GlobalSection(SolutionConfigurationPlatforms) = preSolution
		Debug|Any CPU = Debug|Any CPU
		Debug|x64 = Debug|x64
		Debug|x86 = Debug|x86
		Release|Any CPU = Release|Any CPU
		Release|x64 = Release|x64
		Release|x86 = Release|x86
	EndGlobalSection
	GlobalSection(ProjectConfigurationPlatforms) = postSolution
		{AA7BFECB-C9CA-474C-A0F6-C2D3276AB623}.Debug|Any CPU.ActiveCfg = Debug|Any CPU
		{AA7BFECB-C9CA-474C-A0F6-C2D3276AB623}.Debug|Any CPU.Build.0 = Debug|Any CPU
		{AA7BFECB-C9CA-474C-A0F6-C2D3276AB623}.Debug|x64.ActiveCfg = Debug|Any CPU
		{AA7BFECB-C9CA-474C-A0F6-C2D3276AB623}.Debug|x64.Build.0 = Debug|Any CPU
		{AA7BFECB-C9CA-474C-A0F6-C2D3276AB623}.Debug|x86.ActiveCfg = Debug|Any CPU
		{AA7BFECB-C9CA-474C-A0F6-C2D3276AB623}.Debug|x86.Build.0 = Debug|Any CPU
		{AA7BFECB-C9CA-474C-A0F6-C2D3276AB623}.Release|Any CPU.ActiveCfg = Release|Any CPU
		{AA7BFECB-C9CA-474C-A0F6-C2D3276AB623}.Release|Any CPU.Build.0 = Release|Any CPU
		{AA7BFECB-C9CA-474C-A0F6-C2D3276AB623}.Release|x64.ActiveCfg = Release|Any CPU
		{AA7BFECB-C9CA-474C-A0F6-C2D3276AB623}.Release|x64.Build.0 = Release|Any CPU
		{AA7BFECB-C9CA-474C-A0F6-C2D3276AB623}.Release|x86.ActiveCfg = Release|Any CPU
		{AA7BFECB-C9CA-474C-A0F6-C2D3276AB623}.Release|x86.Build.0 = Release|Any CPU
		{C007DD91-82DB-4E3B-8425-CE08B922DF38}.Debug|Any CPU.ActiveCfg = Debug|Any CPU
		{C007DD91-82DB-4E3B-8425-CE08B922DF38}.Debug|Any CPU.Build.0 = Debug|Any CPU
		{C007DD91-82DB-4E3B-8425-CE08B922DF38}.Debug|x64.ActiveCfg = Debug|Any CPU
		{C007DD91-82DB-4E3B-8425-CE08B922DF38}.Debug|x64.Build.0 = Debug|Any CPU
		{C007DD91-82DB-4E3B-8425-CE08B922DF38}.Debug|x86.ActiveCfg = Debug|Any CPU
		{C007DD91-82DB-4E3B-8425-CE08B922DF38}.Debug|x86.Build.0 = Debug|Any CPU
		{C007DD91-82DB-4E3B-8425-CE08B922DF38}.Release|Any CPU.ActiveCfg = Release|Any CPU
		{C007DD91-82DB-4E3B-8425-CE08B922DF38}.Release|Any CPU.Build.0 = Release|Any CPU
		{C007DD91-82DB-4E3B-8425-CE08B922DF38}.Release|x64.ActiveCfg = Release|Any CPU
		{C007DD91-82DB-4E3B-8425-CE08B922DF38}.Release|x64.Build.0 = Release|Any CPU
		{C007DD91-82DB-4E3B-8425-CE08B922DF38}.Release|x86.ActiveCfg = Release|Any CPU
		{C007DD91-82DB-4E3B-8425-CE08B922DF38}.Release|x86.Build.0 = Release|Any CPU
		{790E3F61-F43E-48DB-A9C2-F943F580E9BE}.Debug|Any CPU.ActiveCfg = Debug|Any CPU
		{790E3F61-F43E-48DB-A9C2-F943F580E9BE}.Debug|Any CPU.Build.0 = Debug|Any CPU
		{790E3F61-F43E-48DB-A9C2-F943F580E9BE}.Debug|x64.ActiveCfg = Debug|Any CPU
		{790E3F61-F43E-48DB-A9C2-F943F580E9BE}.Debug|x64.Build.0 = Debug|Any CPU
		{790E3F61-F43E-48DB-A9C2-F943F580E9BE}.Debug|x86.ActiveCfg = Debug|Any CPU
		{790E3F61-F43E-48DB-A9C2-F943F580E9BE}.Debug|x86.Build.0 = Debug|Any CPU
		{790E3F61-F43E-48DB-A9C2-F943F580E9BE}.Release|Any CPU.ActiveCfg = Release|Any CPU
		{790E3F61-F43E-48DB-A9C2-F943F580E9BE}.Release|Any CPU.Build.0 = Release|Any CPU
		{790E3F61-F43E-48DB-A9C2-F943F580E9BE}.Release|x64.ActiveCfg = Release|Any CPU
		{790E3F61-F43E-48DB-A9C2-F943F580E9BE}.Release|x64.Build.0 = Release|Any CPU
		{790E3F61-F43E-48DB-A9C2-F943F580E9BE}.Release|x86.ActiveCfg = Release|Any CPU
		{790E3F61-F43E-48DB-A9C2-F943F580E9BE}.Release|x86.Build.0 = Release|Any CPU
		{ECF56159-108A-4FB7-B455-706EC6F6AA4A}.Debug|Any CPU.ActiveCfg = Debug|Any CPU
		{ECF56159-108A-4FB7-B455-706EC6F6AA4A}.Debug|Any CPU.Build.0 = Debug|Any CPU
		{ECF56159-108A-4FB7-B455-706EC6F6AA4A}.Debug|x64.ActiveCfg = Debug|Any CPU
		{ECF56159-108A-4FB7-B455-706EC6F6AA4A}.Debug|x64.Build.0 = Debug|Any CPU
		{ECF56159-108A-4FB7-B455-706EC6F6AA4A}.Debug|x86.ActiveCfg = Debug|Any CPU
		{ECF56159-108A-4FB7-B455-706EC6F6AA4A}.Debug|x86.Build.0 = Debug|Any CPU
		{ECF56159-108A-4FB7-B455-706EC6F6AA4A}.Release|Any CPU.ActiveCfg = Release|Any CPU
		{ECF56159-108A-4FB7-B455-706EC6F6AA4A}.Release|Any CPU.Build.0 = Release|Any CPU
		{ECF56159-108A-4FB7-B455-706EC6F6AA4A}.Release|x64.ActiveCfg = Release|Any CPU
		{ECF56159-108A-4FB7-B455-706EC6F6AA4A}.Release|x64.Build.0 = Release|Any CPU
		{ECF56159-108A-4FB7-B455-706EC6F6AA4A}.Release|x86.ActiveCfg = Release|Any CPU
		{ECF56159-108A-4FB7-B455-706EC6F6AA4A}.Release|x86.Build.0 = Release|Any CPU
		{7872EA3E-4392-471A-9841-9179DCA7FC2B}.Debug|Any CPU.ActiveCfg = Debug|Any CPU
		{7872EA3E-4392-471A-9841-9179DCA7FC2B}.Debug|Any CPU.Build.0 = Debug|Any CPU
		{7872EA3E-4392-471A-9841-9179DCA7FC2B}.Debug|x64.ActiveCfg = Debug|Any CPU
		{7872EA3E-4392-471A-9841-9179DCA7FC2B}.Debug|x64.Build.0 = Debug|Any CPU
		{7872EA3E-4392-471A-9841-9179DCA7FC2B}.Debug|x86.ActiveCfg = Debug|Any CPU
		{7872EA3E-4392-471A-9841-9179DCA7FC2B}.Debug|x86.Build.0 = Debug|Any CPU
		{7872EA3E-4392-471A-9841-9179DCA7FC2B}.Release|Any CPU.ActiveCfg = Release|Any CPU
		{7872EA3E-4392-471A-9841-9179DCA7FC2B}.Release|Any CPU.Build.0 = Release|Any CPU
		{7872EA3E-4392-471A-9841-9179DCA7FC2B}.Release|x64.ActiveCfg = Release|Any CPU
		{7872EA3E-4392-471A-9841-9179DCA7FC2B}.Release|x64.Build.0 = Release|Any CPU
		{7872EA3E-4392-471A-9841-9179DCA7FC2B}.Release|x86.ActiveCfg = Release|Any CPU
		{7872EA3E-4392-471A-9841-9179DCA7FC2B}.Release|x86.Build.0 = Release|Any CPU
		{4E44408E-E25B-4D89-AD07-3E0CA93B0F63}.Debug|Any CPU.ActiveCfg = Debug|Any CPU
		{4E44408E-E25B-4D89-AD07-3E0CA93B0F63}.Debug|Any CPU.Build.0 = Debug|Any CPU
		{4E44408E-E25B-4D89-AD07-3E0CA93B0F63}.Debug|x64.ActiveCfg = Debug|Any CPU
		{4E44408E-E25B-4D89-AD07-3E0CA93B0F63}.Debug|x64.Build.0 = Debug|Any CPU
		{4E44408E-E25B-4D89-AD07-3E0CA93B0F63}.Debug|x86.ActiveCfg = Debug|Any CPU
		{4E44408E-E25B-4D89-AD07-3E0CA93B0F63}.Debug|x86.Build.0 = Debug|Any CPU
		{4E44408E-E25B-4D89-AD07-3E0CA93B0F63}.Release|Any CPU.ActiveCfg = Release|Any CPU
		{4E44408E-E25B-4D89-AD07-3E0CA93B0F63}.Release|Any CPU.Build.0 = Release|Any CPU
		{4E44408E-E25B-4D89-AD07-3E0CA93B0F63}.Release|x64.ActiveCfg = Release|Any CPU
		{4E44408E-E25B-4D89-AD07-3E0CA93B0F63}.Release|x64.Build.0 = Release|Any CPU
		{4E44408E-E25B-4D89-AD07-3E0CA93B0F63}.Release|x86.ActiveCfg = Release|Any CPU
		{4E44408E-E25B-4D89-AD07-3E0CA93B0F63}.Release|x86.Build.0 = Release|Any CPU
		{239D5D10-60B3-492C-B88F-BE1675711D87}.Debug|Any CPU.ActiveCfg = Debug|Any CPU
		{239D5D10-60B3-492C-B88F-BE1675711D87}.Debug|Any CPU.Build.0 = Debug|Any CPU
		{239D5D10-60B3-492C-B88F-BE1675711D87}.Debug|x64.ActiveCfg = Debug|Any CPU
		{239D5D10-60B3-492C-B88F-BE1675711D87}.Debug|x64.Build.0 = Debug|Any CPU
		{239D5D10-60B3-492C-B88F-BE1675711D87}.Debug|x86.ActiveCfg = Debug|Any CPU
		{239D5D10-60B3-492C-B88F-BE1675711D87}.Debug|x86.Build.0 = Debug|Any CPU
		{239D5D10-60B3-492C-B88F-BE1675711D87}.Release|Any CPU.ActiveCfg = Release|Any CPU
		{239D5D10-60B3-492C-B88F-BE1675711D87}.Release|Any CPU.Build.0 = Release|Any CPU
		{239D5D10-60B3-492C-B88F-BE1675711D87}.Release|x64.ActiveCfg = Release|Any CPU
		{239D5D10-60B3-492C-B88F-BE1675711D87}.Release|x64.Build.0 = Release|Any CPU
		{239D5D10-60B3-492C-B88F-BE1675711D87}.Release|x86.ActiveCfg = Release|Any CPU
		{239D5D10-60B3-492C-B88F-BE1675711D87}.Release|x86.Build.0 = Release|Any CPU
		{BE2AE27F-7DF2-422C-A9B8-F8452D5FF19C}.Debug|Any CPU.ActiveCfg = Debug|Any CPU
		{BE2AE27F-7DF2-422C-A9B8-F8452D5FF19C}.Debug|Any CPU.Build.0 = Debug|Any CPU
		{BE2AE27F-7DF2-422C-A9B8-F8452D5FF19C}.Debug|x64.ActiveCfg = Debug|Any CPU
		{BE2AE27F-7DF2-422C-A9B8-F8452D5FF19C}.Debug|x64.Build.0 = Debug|Any CPU
		{BE2AE27F-7DF2-422C-A9B8-F8452D5FF19C}.Debug|x86.ActiveCfg = Debug|Any CPU
		{BE2AE27F-7DF2-422C-A9B8-F8452D5FF19C}.Debug|x86.Build.0 = Debug|Any CPU
		{BE2AE27F-7DF2-422C-A9B8-F8452D5FF19C}.Release|Any CPU.ActiveCfg = Release|Any CPU
		{BE2AE27F-7DF2-422C-A9B8-F8452D5FF19C}.Release|Any CPU.Build.0 = Release|Any CPU
		{BE2AE27F-7DF2-422C-A9B8-F8452D5FF19C}.Release|x64.ActiveCfg = Release|Any CPU
		{BE2AE27F-7DF2-422C-A9B8-F8452D5FF19C}.Release|x64.Build.0 = Release|Any CPU
		{BE2AE27F-7DF2-422C-A9B8-F8452D5FF19C}.Release|x86.ActiveCfg = Release|Any CPU
		{BE2AE27F-7DF2-422C-A9B8-F8452D5FF19C}.Release|x86.Build.0 = Release|Any CPU
		{0C2903D4-5B21-4130-A5D9-1AB8A80648CB}.Debug|Any CPU.ActiveCfg = Debug|Any CPU
		{0C2903D4-5B21-4130-A5D9-1AB8A80648CB}.Debug|Any CPU.Build.0 = Debug|Any CPU
		{0C2903D4-5B21-4130-A5D9-1AB8A80648CB}.Debug|x64.ActiveCfg = Debug|Any CPU
		{0C2903D4-5B21-4130-A5D9-1AB8A80648CB}.Debug|x64.Build.0 = Debug|Any CPU
		{0C2903D4-5B21-4130-A5D9-1AB8A80648CB}.Debug|x86.ActiveCfg = Debug|Any CPU
		{0C2903D4-5B21-4130-A5D9-1AB8A80648CB}.Debug|x86.Build.0 = Debug|Any CPU
		{0C2903D4-5B21-4130-A5D9-1AB8A80648CB}.Release|Any CPU.ActiveCfg = Release|Any CPU
		{0C2903D4-5B21-4130-A5D9-1AB8A80648CB}.Release|Any CPU.Build.0 = Release|Any CPU
		{0C2903D4-5B21-4130-A5D9-1AB8A80648CB}.Release|x64.ActiveCfg = Release|Any CPU
		{0C2903D4-5B21-4130-A5D9-1AB8A80648CB}.Release|x64.Build.0 = Release|Any CPU
		{0C2903D4-5B21-4130-A5D9-1AB8A80648CB}.Release|x86.ActiveCfg = Release|Any CPU
		{0C2903D4-5B21-4130-A5D9-1AB8A80648CB}.Release|x86.Build.0 = Release|Any CPU
		{430C4E60-0E6F-4209-BD88-234C3922A16A}.Debug|Any CPU.ActiveCfg = Debug|Any CPU
		{430C4E60-0E6F-4209-BD88-234C3922A16A}.Debug|Any CPU.Build.0 = Debug|Any CPU
		{430C4E60-0E6F-4209-BD88-234C3922A16A}.Debug|x64.ActiveCfg = Debug|Any CPU
		{430C4E60-0E6F-4209-BD88-234C3922A16A}.Debug|x64.Build.0 = Debug|Any CPU
		{430C4E60-0E6F-4209-BD88-234C3922A16A}.Debug|x86.ActiveCfg = Debug|Any CPU
		{430C4E60-0E6F-4209-BD88-234C3922A16A}.Debug|x86.Build.0 = Debug|Any CPU
		{430C4E60-0E6F-4209-BD88-234C3922A16A}.Release|Any CPU.ActiveCfg = Release|Any CPU
		{430C4E60-0E6F-4209-BD88-234C3922A16A}.Release|Any CPU.Build.0 = Release|Any CPU
		{430C4E60-0E6F-4209-BD88-234C3922A16A}.Release|x64.ActiveCfg = Release|Any CPU
		{430C4E60-0E6F-4209-BD88-234C3922A16A}.Release|x64.Build.0 = Release|Any CPU
		{430C4E60-0E6F-4209-BD88-234C3922A16A}.Release|x86.ActiveCfg = Release|Any CPU
		{430C4E60-0E6F-4209-BD88-234C3922A16A}.Release|x86.Build.0 = Release|Any CPU
	EndGlobalSection
	GlobalSection(SolutionProperties) = preSolution
		HideSolutionNode = FALSE
	EndGlobalSection
	GlobalSection(NestedProjects) = preSolution
		{984BB9B3-3FA3-BE33-9484-CAC21695A33C} = {827E0CD3-B72D-47B6-A68D-7590B98EB39B}
		{AA7BFECB-C9CA-474C-A0F6-C2D3276AB623} = {984BB9B3-3FA3-BE33-9484-CAC21695A33C}
		{C007DD91-82DB-4E3B-8425-CE08B922DF38} = {984BB9B3-3FA3-BE33-9484-CAC21695A33C}
		{790E3F61-F43E-48DB-A9C2-F943F580E9BE} = {984BB9B3-3FA3-BE33-9484-CAC21695A33C}
		{ECF56159-108A-4FB7-B455-706EC6F6AA4A} = {984BB9B3-3FA3-BE33-9484-CAC21695A33C}
		{7872EA3E-4392-471A-9841-9179DCA7FC2B} = {984BB9B3-3FA3-BE33-9484-CAC21695A33C}
		{4E44408E-E25B-4D89-AD07-3E0CA93B0F63} = {984BB9B3-3FA3-BE33-9484-CAC21695A33C}
		{239D5D10-60B3-492C-B88F-BE1675711D87} = {984BB9B3-3FA3-BE33-9484-CAC21695A33C}
		{BE2AE27F-7DF2-422C-A9B8-F8452D5FF19C} = {984BB9B3-3FA3-BE33-9484-CAC21695A33C}
		{5F6E8ECF-6C7C-84BC-3852-AC68F2C425F8} = {827E0CD3-B72D-47B6-A68D-7590B98EB39B}
		{0C2903D4-5B21-4130-A5D9-1AB8A80648CB} = {5F6E8ECF-6C7C-84BC-3852-AC68F2C425F8}
		{03997797-E7F5-0643-168D-B8EA7178C2FE} = {827E0CD3-B72D-47B6-A68D-7590B98EB39B}
		{430C4E60-0E6F-4209-BD88-234C3922A16A} = {03997797-E7F5-0643-168D-B8EA7178C2FE}
	EndGlobalSection
EndGlobal
